
Microsoft Visual Studio Solution File, Format Version 12.00
# Visual Studio Version 17
VisualStudioVersion = 17.4.33122.133
MinimumVisualStudioVersion = 10.0.40219.1
Project("{FAE04EC0-301F-11D3-BF4B-00C04F79EFBC}") = "KudaPayti.Api", "KudaPayti.Api\KudaPayti.Api.csproj", "{6AB87E66-5A28-4AFD-BC43-279F1C9641C6}"
EndProject
Global
	GlobalSection(SolutionConfigurationPlatforms) = preSolution
		Debug|Any CPU = Debug|Any CPU
		Release|Any CPU = Release|Any CPU
	EndGlobalSection
	GlobalSection(ProjectConfigurationPlatforms) = postSolution
		{6AB87E66-5A28-4AFD-BC43-279F1C9641C6}.Debug|Any CPU.ActiveCfg = Debug|Any CPU
		{6AB87E66-5A28-4AFD-BC43-279F1C9641C6}.Debug|Any CPU.Build.0 = Debug|Any CPU
		{6AB87E66-5A28-4AFD-BC43-279F1C9641C6}.Release|Any CPU.ActiveCfg = Release|Any CPU
		{6AB87E66-5A28-4AFD-BC43-279F1C9641C6}.Release|Any CPU.Build.0 = Release|Any CPU
	EndGlobalSection
	GlobalSection(SolutionProperties) = preSolution
		HideSolutionNode = FALSE
	EndGlobalSection
	GlobalSection(ExtensibilityGlobals) = postSolution
		SolutionGuid = {1F074F8B-80A1-4D6D-9920-A7E47AE468F8}
	EndGlobalSection
EndGlobal
